
Microsoft Visual Studio Solution File, Format Version 12.00
# Visual Studio Version 16
VisualStudioVersion = 16.0.29009.5
MinimumVisualStudioVersion = 10.0.40219.1
Project("{FAE04EC0-301F-11D3-BF4B-00C04F79EFBC}") = "GraphQLWebApp", "GraphQL\GraphQLWebApp.csproj", "{D587C817-1C98-4028-9C1A-B281048E9CEB}"
EndProject
Global
	GlobalSection(SolutionConfigurationPlatforms) = preSolution
		Debug|Any CPU = Debug|Any CPU
		Release|Any CPU = Release|Any CPU
	EndGlobalSection
	GlobalSection(ProjectConfigurationPlatforms) = postSolution
		{D587C817-1C98-4028-9C1A-B281048E9CEB}.Debug|Any CPU.ActiveCfg = Debug|Any CPU
		{D587C817-1C98-4028-9C1A-B281048E9CEB}.Debug|Any CPU.Build.0 = Debug|Any CPU
		{D587C817-1C98-4028-9C1A-B281048E9CEB}.Release|Any CPU.ActiveCfg = Release|Any CPU
		{D587C817-1C98-4028-9C1A-B281048E9CEB}.Release|Any CPU.Build.0 = Release|Any CPU
	EndGlobalSection
	GlobalSection(SolutionProperties) = preSolution
		HideSolutionNode = FALSE
	EndGlobalSection
	GlobalSection(ExtensibilityGlobals) = postSolution
		SolutionGuid = {199E5C6A-B016-4D4F-BB8F-7E8AD8482079}
	EndGlobalSection
EndGlobal
